<?xml version="1.0" encoding="utf-8"?>
<Project ToolsVersion="4.0" xmlns="http://schemas.microsoft.com/developer/msbuild/2003">
  <ItemGroup>
    <Filter Include="源文件">
      <UniqueIdentifier>{4FC737F1-C7A5-4376-A066-2A32D752A2FF}</UniqueIdentifier>
      <Extensions>cpp;c;cc;cxx;def;odl;idl;hpj;bat;asm;asmx</Extensions>
    </Filter>
    <Filter Include="头文件">
      <UniqueIdentifier>{93995380-89BD-4b04-88EB-625FBE52EBFB}</UniqueIdentifier>
      <Extensions>h;hh;hpp;hxx;hm;inl;inc;xsd</Extensions>
    </Filter>
    <Filter Include="资源文件">
      <UniqueIdentifier>{67DA6AB6-F800-4c08-8B7A-83BB121AAD01}</UniqueIdentifier>
      <Extensions>rc;ico;cur;bmp;dlg;rc2;rct;bin;rgs;gif;jpg;jpeg;jpe;resx;tiff;tif;png;wav;mfcribbon-ms</Extensions>
    </Filter>
    <Filter Include="Algorithm">
      <UniqueIdentifier>{8f96ddfe-3869-415a-bedd-73936d9c43b6}</UniqueIdentifier>
    </Filter>
    <Filter Include="Library">
      <UniqueIdentifier>{365f049d-986d-484e-8565-0f2234f8c3bb}</UniqueIdentifier>
    </Filter>
    <Filter Include="Practice">
      <UniqueIdentifier>{d35506d9-0618-47a0-af64-2a98a7d068c8}</UniqueIdentifier>
    </Filter>
    <Filter Include="Algorithm\AI">
      <UniqueIdentifier>{57837a2a-8ceb-445a-9d51-47ebc4ca76b2}</UniqueIdentifier>
    </Filter>
    <Filter Include="Algorithm\Array">
      <UniqueIdentifier>{a5a79cd9-b708-4d2b-8b88-4c1e900940a5}</UniqueIdentifier>
    </Filter>
    <Filter Include="Algorithm\Game">
      <UniqueIdentifier>{a00f3fd0-5f85-43cb-baee-49c5813434f4}</UniqueIdentifier>
    </Filter>
    <Filter Include="Algorithm\Geometry">
      <UniqueIdentifier>{cff4cf80-8162-440a-8ba1-0b21ec3cdf2b}</UniqueIdentifier>
    </Filter>
    <Filter Include="Algorithm\Graph">
      <UniqueIdentifier>{8ac643e3-0a18-4c55-be71-6c056a867b90}</UniqueIdentifier>
    </Filter>
    <Filter Include="Algorithm\Math">
      <UniqueIdentifier>{d2396787-18e6-4c94-a0b3-4a6fdb1f3698}</UniqueIdentifier>
    </Filter>
    <Filter Include="Algorithm\NetFlow">
      <UniqueIdentifier>{d853ef56-d51b-4a7e-b169-ff4ce5873481}</UniqueIdentifier>
    </Filter>
    <Filter Include="Algorithm\Other">
      <UniqueIdentifier>{6f640108-f9da-47f7-b5a3-acdfa93598c0}</UniqueIdentifier>
    </Filter>
    <Filter Include="Algorithm\Search">
      <UniqueIdentifier>{b4f8f8b7-d02b-4693-85c5-95ca5fdb6700}</UniqueIdentifier>
    </Filter>
    <Filter Include="Algorithm\Set">
      <UniqueIdentifier>{346459e5-e952-4028-a004-38e96c849d13}</UniqueIdentifier>
    </Filter>
    <Filter Include="Algorithm\Sort">
      <UniqueIdentifier>{95caf0f5-1ddf-4c09-85d2-19ca79e626f6}</UniqueIdentifier>
    </Filter>
    <Filter Include="Algorithm\String">
      <UniqueIdentifier>{d3ceb608-f75e-4bea-83b3-5cfd79b4b1ad}</UniqueIdentifier>
    </Filter>
    <Filter Include="Algorithm\Tree">
      <UniqueIdentifier>{2862d692-b061-4755-b48e-fae876fb8a54}</UniqueIdentifier>
    </Filter>
    <Filter Include="Library\Common">
      <UniqueIdentifier>{75debc3e-7781-4876-9998-c50a368d0d35}</UniqueIdentifier>
    </Filter>
    <Filter Include="Practice\LeetCode">
      <UniqueIdentifier>{bdb5a567-9534-499d-81ad-04d9bdb449ff}</UniqueIdentifier>
    </Filter>
    <Filter Include="Practice\Other">
      <UniqueIdentifier>{10ae5fa2-5b2d-41b2-ba18-0ad8da0559f2}</UniqueIdentifier>
    </Filter>
    <Filter Include="Practice\LeetCodeCN">
      <UniqueIdentifier>{da94e42f-8409-4d61-bbe0-9a349802dbf3}</UniqueIdentifier>
    </Filter>
    <Filter Include="Practice\Interview">
      <UniqueIdentifier>{2962f971-3301-40fd-ad42-81001fe38564}</UniqueIdentifier>
    </Filter>
    <Filter Include="Library\Data">
      <UniqueIdentifier>{57b700d2-bb69-46cf-bc05-aefbd5ea9a6f}</UniqueIdentifier>
    </Filter>
    <Filter Include="Practice\Interview\20">
      <UniqueIdentifier>{abeda88c-e1b5-421e-8682-a957539b39d1}</UniqueIdentifier>
    </Filter>
    <Filter Include="Practice\Book1">
      <UniqueIdentifier>{27547b9e-4686-4962-b136-4211c0a55424}</UniqueIdentifier>
    </Filter>
    <Filter Include="Practice\Interview\21">
      <UniqueIdentifier>{79dc7c97-74b5-4bca-a50f-eaa273557d2f}</UniqueIdentifier>
    </Filter>
    <Filter Include="Practice\Interview\22">
      <UniqueIdentifier>{859b363f-e6fc-4e0e-87a2-f36d0ea07a1e}</UniqueIdentifier>
    </Filter>
    <Filter Include="Practice\Interview\23">
      <UniqueIdentifier>{13170d28-b296-4597-ac48-3b87a01014c6}</UniqueIdentifier>
    </Filter>
    <Filter Include="Practice\Interview\24">
      <UniqueIdentifier>{f3af9cb5-7d9c-4657-99cd-c3cf7f094f8f}</UniqueIdentifier>
    </Filter>
    <Filter Include="Practice\Interview\25">
      <UniqueIdentifier>{bbd95167-a26c-4828-a395-1dabd74864dd}</UniqueIdentifier>
    </Filter>
    <Filter Include="Practice\LeetCodeCN\BST">
      <UniqueIdentifier>{62affbbc-317a-4d19-938d-a040a6e4b952}</UniqueIdentifier>
    </Filter>
  </ItemGroup>
  <ItemGroup>
    <Text Include="ReadMe.txt" />
  </ItemGroup>
  <ItemGroup>
    <ClInclude Include="stdafx.h">
      <Filter>头文件</Filter>
    </ClInclude>
    <ClInclude Include="targetver.h">
      <Filter>头文件</Filter>
    </ClInclude>
    <ClInclude Include="Codes\Algorithm\Graph\Graph.h">
      <Filter>Algorithm\Graph</Filter>
    </ClInclude>
    <ClInclude Include="Codes\Library\Data\ArrayData.h">
      <Filter>Library\Data</Filter>
    </ClInclude>
    <ClInclude Include="Codes\Library\Data\TreeData.h">
      <Filter>Library\Data</Filter>
    </ClInclude>
    <ClInclude Include="Codes\Library\Common\Tree.h">
      <Filter>Library\Common</Filter>
    </ClInclude>
    <ClInclude Include="Codes\Library\Common\Vector.h">
      <Filter>Library\Common</Filter>
    </ClInclude>
    <ClInclude Include="Codes\Library\Common\Util.h">
      <Filter>Library\Common</Filter>
    </ClInclude>
  </ItemGroup>
  <ItemGroup>
    <ClCompile Include="stdafx.cpp">
      <Filter>源文件</Filter>
    </ClCompile>
    <ClCompile Include="CppCodes.cpp">
      <Filter>源文件</Filter>
    </ClCompile>
    <ClCompile Include="Codes\Practice\LeetCode\4 Median of Two Sorted Arrays.cpp">
      <Filter>Practice\LeetCode</Filter>
    </ClCompile>
    <ClCompile Include="Codes\Practice\LeetCode\6 ZigZag Conversion.cpp">
      <Filter>Practice\LeetCode</Filter>
    </ClCompile>
    <ClCompile Include="Codes\Practice\LeetCode\7 Reverse Integer.cpp">
      <Filter>Practice\LeetCode</Filter>
    </ClCompile>
    <ClCompile Include="Codes\Algorithm\Array\MaxSumOfSequence.cpp">
      <Filter>Algorithm\Array</Filter>
    </ClCompile>
    <ClCompile Include="Codes\Algorithm\Game\ShuffleCard.cpp">
      <Filter>Algorithm\Game</Filter>
    </ClCompile>
    <ClCompile Include="Codes\Algorithm\Geometry\ConvexHull.cpp">
      <Filter>Algorithm\Geometry</Filter>
    </ClCompile>
    <ClCompile Include="Codes\Algorithm\Graph\AllPairsShortestPath.cpp">
      <Filter>Algorithm\Graph</Filter>
    </ClCompile>
    <ClCompile Include="Codes\Algorithm\Graph\BellmanFordSingleSourceShortest.cpp">
      <Filter>Algorithm\Graph</Filter>
    </ClCompile>
    <ClCompile Include="Codes\Algorithm\Graph\BFPTR.cpp">
      <Filter>Algorithm\Graph</Filter>
    </ClCompile>
    <ClCompile Include="Codes\Algorithm\Graph\DijkstraSingleSourceShortest.cpp">
      <Filter>Algorithm\Graph</Filter>
    </ClCompile>
    <ClCompile Include="Codes\Algorithm\Graph\Graph.cpp">
      <Filter>Algorithm\Graph</Filter>
    </ClCompile>
    <ClCompile Include="Codes\Algorithm\Graph\GraphBreadthFirstSearch.cpp">
      <Filter>Algorithm\Graph</Filter>
    </ClCompile>
    <ClCompile Include="Codes\Algorithm\Graph\GraphDepthFirstSearch.cpp">
      <Filter>Algorithm\Graph</Filter>
    </ClCompile>
    <ClCompile Include="Codes\Algorithm\Math\AddTwoNumbers.cpp">
      <Filter>Algorithm\Math</Filter>
    </ClCompile>
    <ClCompile Include="Codes\Algorithm\Math\EratosthenesPrime.cpp">
      <Filter>Algorithm\Math</Filter>
    </ClCompile>
    <ClCompile Include="Codes\Algorithm\Math\ExpressCalc.cpp">
      <Filter>Algorithm\Math</Filter>
    </ClCompile>
    <ClCompile Include="Codes\Algorithm\Math\MonteCarloCalcPI.cpp">
      <Filter>Algorithm\Math</Filter>
    </ClCompile>
    <ClCompile Include="Codes\Algorithm\Math\NOfM.cpp">
      <Filter>Algorithm\Math</Filter>
    </ClCompile>
    <ClCompile Include="Codes\Algorithm\Math\Permutation.cpp">
      <Filter>Algorithm\Math</Filter>
    </ClCompile>
    <ClCompile Include="Codes\Algorithm\Search\Search.cpp">
      <Filter>Algorithm\Search</Filter>
    </ClCompile>
    <ClCompile Include="Codes\Algorithm\Set\PossibleSet.cpp">
      <Filter>Algorithm\Set</Filter>
    </ClCompile>
    <ClCompile Include="Codes\Algorithm\Set\UnionFindSets.cpp">
      <Filter>Algorithm\Set</Filter>
    </ClCompile>
    <ClCompile Include="Codes\Algorithm\Sort\CountSort.cpp">
      <Filter>Algorithm\Sort</Filter>
    </ClCompile>
    <ClCompile Include="Codes\Algorithm\Sort\Heapsort.cpp">
      <Filter>Algorithm\Sort</Filter>
    </ClCompile>
    <ClCompile Include="Codes\Algorithm\Sort\InsertSort.cpp">
      <Filter>Algorithm\Sort</Filter>
    </ClCompile>
    <ClCompile Include="Codes\Algorithm\Sort\MergeSort.cpp">
      <Filter>Algorithm\Sort</Filter>
    </ClCompile>
    <ClCompile Include="Codes\Algorithm\Sort\QuickSort.cpp">
      <Filter>Algorithm\Sort</Filter>
    </ClCompile>
    <ClCompile Include="Codes\Algorithm\Sort\RadixSort.cpp">
      <Filter>Algorithm\Sort</Filter>
    </ClCompile>
    <ClCompile Include="Codes\Algorithm\Sort\Sort.cpp">
      <Filter>Algorithm\Sort</Filter>
    </ClCompile>
    <ClCompile Include="Codes\Algorithm\String\BruteForceSearch.cpp">
      <Filter>Algorithm\String</Filter>
    </ClCompile>
    <ClCompile Include="Codes\Algorithm\String\Deterministic Finite Automaton.cpp">
      <Filter>Algorithm\String</Filter>
    </ClCompile>
    <ClCompile Include="Codes\Algorithm\String\Deterministic Finite Automaton2.cpp">
      <Filter>Algorithm\String</Filter>
    </ClCompile>
    <ClCompile Include="Codes\Algorithm\String\Karp Rabin Search.cpp">
      <Filter>Algorithm\String</Filter>
    </ClCompile>
    <ClCompile Include="Codes\Algorithm\String\LengthOfLongestSubstring.cpp">
      <Filter>Algorithm\String</Filter>
    </ClCompile>
    <ClCompile Include="Codes\Algorithm\String\LongestCommonSequence.cpp">
      <Filter>Algorithm\String</Filter>
    </ClCompile>
    <ClCompile Include="Codes\Algorithm\String\LongestCommonSubString.cpp">
      <Filter>Algorithm\String</Filter>
    </ClCompile>
    <ClCompile Include="Codes\Algorithm\String\StringEditDistance.cpp">
      <Filter>Algorithm\String</Filter>
    </ClCompile>
    <ClCompile Include="Codes\Algorithm\String\StringHash.cpp">
      <Filter>Algorithm\String</Filter>
    </ClCompile>
    <ClCompile Include="Codes\Algorithm\Tree\DoubleArrayTrie.cpp">
      <Filter>Algorithm\Tree</Filter>
    </ClCompile>
    <ClCompile Include="Codes\Algorithm\Tree\TrieTree.cpp">
      <Filter>Algorithm\Tree</Filter>
    </ClCompile>
    <ClCompile Include="Codes\Practice\Other\NumberConversion.cpp">
      <Filter>Practice\Other</Filter>
    </ClCompile>
    <ClCompile Include="Codes\Practice\LeetCode\8 String To Integer.cpp">
      <Filter>Practice\LeetCode</Filter>
    </ClCompile>
    <ClCompile Include="Codes\Practice\LeetCode\8 String To Number.cpp">
      <Filter>Practice\LeetCode</Filter>
    </ClCompile>
    <ClCompile Include="Codes\Practice\LeetCode\9 Palindrome Number.cpp">
      <Filter>Practice\LeetCode</Filter>
    </ClCompile>
    <ClCompile Include="Codes\Practice\LeetCode\10 Regular Expression Matching.cpp">
      <Filter>Practice\LeetCode</Filter>
    </ClCompile>
    <ClCompile Include="Codes\Practice\LeetCode\12 IntegerToRoman.cpp">
      <Filter>Practice\LeetCode</Filter>
    </ClCompile>
    <ClCompile Include="Codes\Practice\LeetCode\13 Roman To Integer.cpp">
      <Filter>Practice\LeetCode</Filter>
    </ClCompile>
    <ClCompile Include="Codes\Practice\LeetCode\14 Longest Common Prefix.cpp">
      <Filter>Practice\LeetCode</Filter>
    </ClCompile>
    <ClCompile Include="Codes\Practice\LeetCode\17 Letter Combinations of a Phone Number.cpp">
      <Filter>Practice\LeetCode</Filter>
    </ClCompile>
    <ClCompile Include="Codes\Practice\LeetCode\19 Remove Nth Node From End of List.cpp">
      <Filter>Practice\LeetCode</Filter>
    </ClCompile>
    <ClCompile Include="Codes\Practice\LeetCode\20 Valid Parentheses.cpp">
      <Filter>Practice\LeetCode</Filter>
    </ClCompile>
    <ClCompile Include="Codes\Practice\LeetCode\21 Merge Two Sorted Lists.cpp">
      <Filter>Practice\LeetCode</Filter>
    </ClCompile>
    <ClCompile Include="Codes\Practice\LeetCode\22 Generate Parentheses.cpp">
      <Filter>Practice\LeetCode</Filter>
    </ClCompile>
    <ClCompile Include="Codes\Practice\LeetCode\23 Merge k Sorted Lists.cpp">
      <Filter>Practice\LeetCode</Filter>
    </ClCompile>
    <ClCompile Include="Codes\Practice\LeetCode\24 Swap Nodes in Pairs.cpp">
      <Filter>Practice\LeetCode</Filter>
    </ClCompile>
    <ClCompile Include="Codes\Practice\LeetCode\26 Remove Duplicates From Sorted Array.cpp">
      <Filter>Practice\LeetCode</Filter>
    </ClCompile>
    <ClCompile Include="Codes\Practice\LeetCode\27 Remove Element.cpp">
      <Filter>Practice\LeetCode</Filter>
    </ClCompile>
    <ClCompile Include="Codes\Practice\LeetCode\28 Implement strStr.cpp">
      <Filter>Practice\LeetCode</Filter>
    </ClCompile>
    <ClCompile Include="Codes\Practice\LeetCode\30 Substring with Concatenation of All Words.cpp">
      <Filter>Practice\LeetCode</Filter>
    </ClCompile>
    <ClCompile Include="Codes\Practice\LeetCode\32 Longest Valid Parentheses.cpp">
      <Filter>Practice\LeetCode</Filter>
    </ClCompile>
    <ClCompile Include="Codes\Practice\LeetCode\35 Search Insert Position.cpp">
      <Filter>Practice\LeetCode</Filter>
    </ClCompile>
    <ClCompile Include="Codes\Practice\LeetCode\36 Valid Sudoku.cpp">
      <Filter>Practice\LeetCode</Filter>
    </ClCompile>
    <ClCompile Include="Codes\Practice\LeetCode\39 Combination Sum.cpp">
      <Filter>Practice\LeetCode</Filter>
    </ClCompile>
    <ClCompile Include="Codes\Practice\LeetCode\41 First Missing Positive.cpp">
      <Filter>Practice\LeetCode</Filter>
    </ClCompile>
    <ClCompile Include="Codes\Practice\LeetCode\42 Trapping Rain Water.cpp">
      <Filter>Practice\LeetCode</Filter>
    </ClCompile>
    <ClCompile Include="Codes\Practice\LeetCode\44 Wildcard Matching.cpp">
      <Filter>Practice\LeetCode</Filter>
    </ClCompile>
    <ClCompile Include="Codes\Practice\LeetCode\49 Group Anagrams.cpp">
      <Filter>Practice\LeetCode</Filter>
    </ClCompile>
    <ClCompile Include="Codes\Practice\LeetCode\50 Pow.cpp">
      <Filter>Practice\LeetCode</Filter>
    </ClCompile>
    <ClCompile Include="Codes\Practice\LeetCode\53 Maximum Subarray.cpp">
      <Filter>Practice\LeetCode</Filter>
    </ClCompile>
    <ClCompile Include="Codes\Practice\LeetCode\58 Length Of Last Word.cpp">
      <Filter>Practice\LeetCode</Filter>
    </ClCompile>
    <ClCompile Include="Codes\Practice\LeetCode\66 Plus One.cpp">
      <Filter>Practice\LeetCode</Filter>
    </ClCompile>
    <ClCompile Include="Codes\Practice\LeetCode\67 AddBinary.cpp">
      <Filter>Practice\LeetCode</Filter>
    </ClCompile>
    <ClCompile Include="Codes\Practice\LeetCode\69 Sqrt.cpp">
      <Filter>Practice\LeetCode</Filter>
    </ClCompile>
    <ClCompile Include="Codes\Practice\LeetCode\70 Climbing Stairs.cpp">
      <Filter>Practice\LeetCode</Filter>
    </ClCompile>
    <ClCompile Include="Codes\Practice\LeetCode\77 Combinations.cpp">
      <Filter>Practice\LeetCode</Filter>
    </ClCompile>
    <ClCompile Include="Codes\Practice\LeetCode\83 Remove Duplicates From Sorted List.cpp">
      <Filter>Practice\LeetCode</Filter>
    </ClCompile>
    <ClCompile Include="Codes\Practice\LeetCode\88 Merge Sorted Array.cpp">
      <Filter>Practice\LeetCode</Filter>
    </ClCompile>
    <ClCompile Include="Codes\Practice\LeetCode\89 Gray Code.cpp">
      <Filter>Practice\LeetCode</Filter>
    </ClCompile>
    <ClCompile Include="Codes\Practice\LeetCode\93 Restore IP Address.cpp">
      <Filter>Practice\LeetCode</Filter>
    </ClCompile>
    <ClCompile Include="Codes\Practice\LeetCode\94 Binary Tree Inorder Traversal.cpp">
      <Filter>Practice\LeetCode</Filter>
    </ClCompile>
    <ClCompile Include="Codes\Practice\LeetCode\96 Unique Binary Search Trees.cpp">
      <Filter>Practice\LeetCode</Filter>
    </ClCompile>
    <ClCompile Include="Codes\Practice\LeetCode\100 Same Tree.cpp">
      <Filter>Practice\LeetCode</Filter>
    </ClCompile>
    <ClCompile Include="Codes\Practice\LeetCode\101 Symmetric Tree.cpp">
      <Filter>Practice\LeetCode</Filter>
    </ClCompile>
    <ClCompile Include="Codes\Practice\LeetCode\102 Binary Tree Level Order Traversal.cpp">
      <Filter>Practice\LeetCode</Filter>
    </ClCompile>
    <ClCompile Include="Codes\Practice\LeetCode\104 Maximum Depth Of Binary Tree.cpp">
      <Filter>Practice\LeetCode</Filter>
    </ClCompile>
    <ClCompile Include="Codes\Practice\LeetCode\107 Binary Tree Level Order Traversal II.cpp">
      <Filter>Practice\LeetCode</Filter>
    </ClCompile>
    <ClCompile Include="Codes\Practice\LeetCode\108 Convert Sorted Array to Binary Search Tree.cpp">
      <Filter>Practice\LeetCode</Filter>
    </ClCompile>
    <ClCompile Include="Codes\Practice\LeetCode\109 Convert Sorted List to Binary Search Tree.cpp">
      <Filter>Practice\LeetCode</Filter>
    </ClCompile>
    <ClCompile Include="Codes\Practice\LeetCode\110 Balanced Binary Tree.cpp">
      <Filter>Practice\LeetCode</Filter>
    </ClCompile>
    <ClCompile Include="Codes\Practice\LeetCode\111 Minimum Depth Of Binary Tree.cpp">
      <Filter>Practice\LeetCode</Filter>
    </ClCompile>
    <ClCompile Include="Codes\Practice\LeetCode\112 Path Sum.cpp">
      <Filter>Practice\LeetCode</Filter>
    </ClCompile>
    <ClCompile Include="Codes\Practice\LeetCode\118 Pascal%27s Triangle.cpp">
      <Filter>Practice\LeetCode</Filter>
    </ClCompile>
    <ClCompile Include="Codes\Practice\LeetCode\121 Best Time To Buy And Sell Stock.cpp">
      <Filter>Practice\LeetCode</Filter>
    </ClCompile>
    <ClCompile Include="Codes\Practice\LeetCode\125 Valid Palindrome.cpp">
      <Filter>Practice\LeetCode</Filter>
    </ClCompile>
    <ClCompile Include="Codes\Practice\LeetCode\136 Single Number.cpp">
      <Filter>Practice\LeetCode</Filter>
    </ClCompile>
    <ClCompile Include="Codes\Practice\LeetCode\137 Single Number II.cpp">
      <Filter>Practice\LeetCode</Filter>
    </ClCompile>
    <ClCompile Include="Codes\Practice\LeetCode\141 Linked List Cycle.cpp">
      <Filter>Practice\LeetCode</Filter>
    </ClCompile>
    <ClCompile Include="Codes\Practice\LeetCode\144 Binary Tree Preorder Traversal.cpp">
      <Filter>Practice\LeetCode</Filter>
    </ClCompile>
    <ClCompile Include="Codes\Practice\LeetCode\152 Maximum Product Subarray.cpp">
      <Filter>Practice\LeetCode</Filter>
    </ClCompile>
    <ClCompile Include="Codes\Practice\LeetCode\153 Find Minimum in Rotated Sorted Array.cpp">
      <Filter>Practice\LeetCode</Filter>
    </ClCompile>
    <ClCompile Include="Codes\Practice\LeetCode\155 Min Stack.cpp">
      <Filter>Practice\LeetCode</Filter>
    </ClCompile>
    <ClCompile Include="Codes\Practice\LeetCode\160 Intersection of Two Linked Lists.cpp">
      <Filter>Practice\LeetCode</Filter>
    </ClCompile>
    <ClCompile Include="Codes\Practice\LeetCode\165 Compare Version Numbers.cpp">
      <Filter>Practice\LeetCode</Filter>
    </ClCompile>
    <ClCompile Include="Codes\Practice\LeetCode\168 Excel Sheet Column Title.cpp">
      <Filter>Practice\LeetCode</Filter>
    </ClCompile>
    <ClCompile Include="Codes\Practice\LeetCode\169 Majority Element.cpp">
      <Filter>Practice\LeetCode</Filter>
    </ClCompile>
    <ClCompile Include="Codes\Practice\LeetCode\171 Excel Sheet Column Number.cpp">
      <Filter>Practice\LeetCode</Filter>
    </ClCompile>
    <ClCompile Include="Codes\Practice\LeetCode\172 Factorial Trailing Zeroes.cpp">
      <Filter>Practice\LeetCode</Filter>
    </ClCompile>
    <ClCompile Include="Codes\Practice\LeetCode\189 Rotate Array.cpp">
      <Filter>Practice\LeetCode</Filter>
    </ClCompile>
    <ClCompile Include="Codes\Practice\LeetCode\190 Reverse Bits.cpp">
      <Filter>Practice\LeetCode</Filter>
    </ClCompile>
    <ClCompile Include="Codes\Practice\LeetCode\191 Number of 1 Bits.cpp">
      <Filter>Practice\LeetCode</Filter>
    </ClCompile>
    <ClCompile Include="Codes\Practice\LeetCode\198 HouseRobber.cpp">
      <Filter>Practice\LeetCode</Filter>
    </ClCompile>
    <ClCompile Include="Codes\Practice\LeetCode\202 HappyNumber.cpp">
      <Filter>Practice\LeetCode</Filter>
    </ClCompile>
    <ClCompile Include="Codes\Practice\LeetCode\203 Remove Linked List Elements.cpp">
      <Filter>Practice\LeetCode</Filter>
    </ClCompile>
    <ClCompile Include="Codes\Practice\LeetCode\204 Count Primes.cpp">
      <Filter>Practice\LeetCode</Filter>
    </ClCompile>
    <ClCompile Include="Codes\Practice\LeetCode\205 Isomorphic Strings.cpp">
      <Filter>Practice\LeetCode</Filter>
    </ClCompile>
    <ClCompile Include="Codes\Practice\LeetCode\206 Reverse Linked List.cpp">
      <Filter>Practice\LeetCode</Filter>
    </ClCompile>
    <ClCompile Include="Codes\Practice\LeetCode\211 Add and Search Word - Data structure design.cpp">
      <Filter>Practice\LeetCode</Filter>
    </ClCompile>
    <ClCompile Include="Codes\Practice\LeetCode\213 House Robber II.cpp">
      <Filter>Practice\LeetCode</Filter>
    </ClCompile>
    <ClCompile Include="Codes\Practice\LeetCode\216 Combination Sum III.cpp">
      <Filter>Practice\LeetCode</Filter>
    </ClCompile>
    <ClCompile Include="Codes\Practice\LeetCode\217 Contains Duplicate.cpp">
      <Filter>Practice\LeetCode</Filter>
    </ClCompile>
    <ClCompile Include="Codes\Practice\LeetCode\219 Contains Duplicate II.cpp">
      <Filter>Practice\LeetCode</Filter>
    </ClCompile>
    <ClCompile Include="Codes\Practice\LeetCode\222 Count Complete Tree Nodes.cpp">
      <Filter>Practice\LeetCode</Filter>
    </ClCompile>
    <ClCompile Include="Codes\Practice\LeetCode\223 Rectangle Area.cpp">
      <Filter>Practice\LeetCode</Filter>
    </ClCompile>
    <ClCompile Include="Codes\Practice\LeetCode\225 Implement Stack using Queues.cpp">
      <Filter>Practice\LeetCode</Filter>
    </ClCompile>
    <ClCompile Include="Codes\Practice\LeetCode\226 Invert Binary Tree.cpp">
      <Filter>Practice\LeetCode</Filter>
    </ClCompile>
    <ClCompile Include="Codes\Practice\LeetCode\230 Kth Smallest Element in a BST.cpp">
      <Filter>Practice\LeetCode</Filter>
    </ClCompile>
    <ClCompile Include="Codes\Practice\LeetCode\231 Power of Two.cpp">
      <Filter>Practice\LeetCode</Filter>
    </ClCompile>
    <ClCompile Include="Codes\Practice\LeetCode\232 Implement Queue using Stacks.cpp">
      <Filter>Practice\LeetCode</Filter>
    </ClCompile>
    <ClCompile Include="Codes\Practice\LeetCode\235 Lowest Common Ancestor of a Binary Search Tree.cpp">
      <Filter>Practice\LeetCode</Filter>
    </ClCompile>
    <ClCompile Include="Codes\Practice\LeetCode\237 Delete Node in a Linked List.cpp">
      <Filter>Practice\LeetCode</Filter>
    </ClCompile>
    <ClCompile Include="Codes\Practice\LeetCode\238 Product of Array Except Self.cpp">
      <Filter>Practice\LeetCode</Filter>
    </ClCompile>
    <ClCompile Include="Codes\Practice\LeetCode\242 Valid Anagram.cpp">
      <Filter>Practice\LeetCode</Filter>
    </ClCompile>
    <ClCompile Include="Codes\Practice\LeetCode\257 Binary Tree Paths.cpp">
      <Filter>Practice\LeetCode</Filter>
    </ClCompile>
    <ClCompile Include="Codes\Practice\LeetCode\258 Add Digits.cpp">
      <Filter>Practice\LeetCode</Filter>
    </ClCompile>
    <ClCompile Include="Codes\Practice\LeetCode\260 Single Number III.cpp">
      <Filter>Practice\LeetCode</Filter>
    </ClCompile>
    <ClCompile Include="Codes\Practice\LeetCode\263 Ugly Number.cpp">
      <Filter>Practice\LeetCode</Filter>
    </ClCompile>
    <ClCompile Include="Codes\Practice\LeetCode\264 Ugly Number II.cpp">
      <Filter>Practice\LeetCode</Filter>
    </ClCompile>
    <ClCompile Include="Codes\Practice\LeetCode\268 Missing Number.cpp">
      <Filter>Practice\LeetCode</Filter>
    </ClCompile>
    <ClCompile Include="Codes\Practice\LeetCode\278 First Bad Version.cpp">
      <Filter>Practice\LeetCode</Filter>
    </ClCompile>
    <ClCompile Include="Codes\Practice\LeetCode\283 Move Zeroes.cpp">
      <Filter>Practice\LeetCode</Filter>
    </ClCompile>
    <ClCompile Include="Codes\Practice\LeetCode\290 Word Pattern.cpp">
      <Filter>Practice\LeetCode</Filter>
    </ClCompile>
    <ClCompile Include="Codes\Practice\LeetCode\292 Nim Game.cpp">
      <Filter>Practice\LeetCode</Filter>
    </ClCompile>
    <ClCompile Include="Codes\Practice\LeetCode\295 Find Median from Data Stream.cpp">
      <Filter>Practice\LeetCode</Filter>
    </ClCompile>
    <ClCompile Include="Codes\Practice\LeetCode\299 Bulls and Cows.cpp">
      <Filter>Practice\LeetCode</Filter>
    </ClCompile>
    <ClCompile Include="Codes\Practice\LeetCode\303 Range Sum Query - Immutable.cpp">
      <Filter>Practice\LeetCode</Filter>
    </ClCompile>
    <ClCompile Include="Codes\Practice\LeetCode\304 Range Sum Query 2D - Immutable.cpp">
      <Filter>Practice\LeetCode</Filter>
    </ClCompile>
    <ClCompile Include="Codes\Practice\LeetCode\318 Maximum Product of Word Lengths.cpp">
      <Filter>Practice\LeetCode</Filter>
    </ClCompile>
    <ClCompile Include="Codes\Practice\LeetCode\319 Bulb Switcher.cpp">
      <Filter>Practice\LeetCode</Filter>
    </ClCompile>
    <ClCompile Include="Codes\Practice\LeetCode\326 Power of Three.cpp">
      <Filter>Practice\LeetCode</Filter>
    </ClCompile>
    <ClCompile Include="Codes\Practice\LeetCode\328 Odd Even Linked List.cpp">
      <Filter>Practice\LeetCode</Filter>
    </ClCompile>
    <ClCompile Include="Codes\Practice\LeetCode\337 House Robber III.cpp">
      <Filter>Practice\LeetCode</Filter>
    </ClCompile>
    <ClCompile Include="Codes\Practice\LeetCode\338 Counting Bits.cpp">
      <Filter>Practice\LeetCode</Filter>
    </ClCompile>
    <ClCompile Include="Codes\Practice\LeetCode\342 Power of Four.cpp">
      <Filter>Practice\LeetCode</Filter>
    </ClCompile>
    <ClCompile Include="Codes\Practice\LeetCode\343 Integer Break.cpp">
      <Filter>Practice\LeetCode</Filter>
    </ClCompile>
    <ClCompile Include="Codes\Practice\LeetCode\344 Reverse String.cpp">
      <Filter>Practice\LeetCode</Filter>
    </ClCompile>
    <ClCompile Include="Codes\Practice\LeetCode\345 Reverse Vowels of a String.cpp">
      <Filter>Practice\LeetCode</Filter>
    </ClCompile>
    <ClCompile Include="Codes\Practice\LeetCode\347 Top K Frequent Elements.cpp">
      <Filter>Practice\LeetCode</Filter>
    </ClCompile>
    <ClCompile Include="Codes\Practice\LeetCode\349 Intersection of Two Arrays.cpp">
      <Filter>Practice\LeetCode</Filter>
    </ClCompile>
    <ClCompile Include="Codes\Practice\LeetCode\350 Intersection of Two Arrays II.cpp">
      <Filter>Practice\LeetCode</Filter>
    </ClCompile>
    <ClCompile Include="Codes\Practice\LeetCode\357 Count Numbers with Unique Digits.cpp">
      <Filter>Practice\LeetCode</Filter>
    </ClCompile>
    <ClCompile Include="Codes\Practice\LeetCode\371 Sum of Two Integers.cpp">
      <Filter>Practice\LeetCode</Filter>
    </ClCompile>
    <ClCompile Include="Codes\Practice\LeetCode\373 Find K Pairs with Smallest Sums.cpp">
      <Filter>Practice\LeetCode</Filter>
    </ClCompile>
    <ClCompile Include="Codes\Practice\LeetCode\374 Guess Number Higher or Lower.cpp">
      <Filter>Practice\LeetCode</Filter>
    </ClCompile>
    <ClCompile Include="Codes\Practice\LeetCode\377 Combination Sum IV.cpp">
      <Filter>Practice\LeetCode</Filter>
    </ClCompile>
    <ClCompile Include="Codes\Practice\LeetCode\378 Kth Smallest Element in a Sorted Matrix.cpp">
      <Filter>Practice\LeetCode</Filter>
    </ClCompile>
    <ClCompile Include="Codes\Practice\LeetCode\413 Arithmetic Slices.cpp">
      <Filter>Practice\LeetCode</Filter>
    </ClCompile>
    <ClCompile Include="Codes\Practice\LeetCode\438 Find All Anagrams in a String.cpp">
      <Filter>Practice\LeetCode</Filter>
    </ClCompile>
    <ClCompile Include="Codes\Practice\LeetCode\480 Sliding Window Median.cpp">
      <Filter>Practice\LeetCode</Filter>
    </ClCompile>
    <ClCompile Include="Codes\Practice\LeetCode\496 Next Greater Element I.cpp">
      <Filter>Practice\LeetCode</Filter>
    </ClCompile>
    <ClCompile Include="Codes\Practice\LeetCode\503 Next Greater Element II.cpp">
      <Filter>Practice\LeetCode</Filter>
    </ClCompile>
    <ClCompile Include="Codes\Practice\LeetCode\649 Dota2 Senate.cpp">
      <Filter>Practice\LeetCode</Filter>
    </ClCompile>
    <ClCompile Include="Codes\Practice\LeetCode\539 Minimum Time Difference.cpp">
      <Filter>Practice\LeetCode</Filter>
    </ClCompile>
    <ClCompile Include="Codes\Practice\LeetCodeCN\1 Two Sum.cpp">
      <Filter>Practice\LeetCodeCN</Filter>
    </ClCompile>
    <ClCompile Include="771 Jewels And Stones.cpp">
      <Filter>Practice\LeetCodeCN</Filter>
    </ClCompile>
    <ClCompile Include="Codes\Practice\LeetCodeCN\832 Flipping an image.cpp">
      <Filter>Practice\LeetCodeCN</Filter>
    </ClCompile>
    <ClCompile Include="Codes\Practice\LeetCodeCN\557 Reverse words in a string iii a string iii.cpp">
      <Filter>Practice\LeetCodeCN</Filter>
    </ClCompile>
    <ClCompile Include="821 Shortest distance to a character.cpp">
      <Filter>Practice\LeetCodeCN</Filter>
    </ClCompile>
    <ClCompile Include="Codes\Practice\LeetCodeCN\463 Island perimeter.cpp">
      <Filter>Practice\LeetCodeCN</Filter>
    </ClCompile>
    <ClCompile Include="Codes\Practice\LeetCodeCN\637 Average of levels in binary tree.cpp">
      <Filter>Practice\LeetCodeCN</Filter>
    </ClCompile>
    <ClCompile Include="Codes\Practice\LeetCodeCN\852 Peak index in a mountain array.cpp">
      <Filter>Practice\LeetCodeCN</Filter>
    </ClCompile>
    <ClCompile Include="Codes\Practice\LeetCodeCN\853 Car fleet.cpp">
      <Filter>Practice\LeetCodeCN</Filter>
    </ClCompile>
    <ClCompile Include="Codes\Practice\LeetCodeCN\855 Exam room.cpp">
      <Filter>Practice\LeetCodeCN</Filter>
    </ClCompile>
    <ClCompile Include="Codes\Practice\LeetCodeCN\859 buddy strings.cpp">
      <Filter>Practice\LeetCodeCN</Filter>
    </ClCompile>
    <ClCompile Include="Codes\Practice\LeetCodeCN\856 Score of parentheses.cpp">
      <Filter>Practice\LeetCodeCN</Filter>
    </ClCompile>
    <ClCompile Include="Codes\Practice\LeetCodeCN\858 Mirror reflection.cpp">
      <Filter>Practice\LeetCodeCN</Filter>
    </ClCompile>
    <ClCompile Include="Codes\Practice\LeetCodeCN\857 Minimum cost to hire k workers.cpp">
      <Filter>Practice\LeetCodeCN</Filter>
    </ClCompile>
    <ClCompile Include="Codes\Practice\LeetCodeCN\15 3sum.cpp">
      <Filter>Practice\LeetCodeCN</Filter>
    </ClCompile>
    <ClCompile Include="Codes\Practice\LeetCodeCN\38 Count And Say.cpp">
      <Filter>Practice\LeetCodeCN</Filter>
    </ClCompile>
    <ClCompile Include="Codes\Practice\LeetCodeCN\443  String Compression.cpp">
      <Filter>Practice\LeetCodeCN</Filter>
    </ClCompile>
    <ClCompile Include="Codes\Practice\LeetCodeCN\445 Add Two Numbers ii.cpp">
      <Filter>Practice\LeetCodeCN</Filter>
    </ClCompile>
    <ClCompile Include="Codes\Practice\LeetCodeCN\86 Partition List.cpp">
      <Filter>Practice\LeetCodeCN</Filter>
    </ClCompile>
    <ClCompile Include="Codes\Practice\LeetCodeCN\88 Merge Sorted Array.cpp">
      <Filter>Practice\LeetCodeCN</Filter>
    </ClCompile>
    <ClCompile Include="Codes\Practice\LeetCodeCN\89 Gray Code.cpp">
      <Filter>Practice\LeetCodeCN</Filter>
    </ClCompile>
    <ClCompile Include="Codes\Practice\Interview\1 BagOfTokensScore.cpp">
      <Filter>Practice\Interview</Filter>
    </ClCompile>
    <ClCompile Include="Codes\Practice\Interview\2 RepeatedStringMatch.cpp">
      <Filter>Practice\Interview</Filter>
    </ClCompile>
    <ClCompile Include="Codes\Practice\Interview\3 Search.cpp">
      <Filter>Practice\Interview</Filter>
    </ClCompile>
    <ClCompile Include="Codes\Practice\Interview\3_2 isValid.cpp">
      <Filter>Practice\Interview</Filter>
    </ClCompile>
    <ClCompile Include="Codes\Practice\Interview\3_3 findSubsequences.cpp">
      <Filter>Practice\Interview</Filter>
    </ClCompile>
    <ClCompile Include="Codes\Practice\Interview\4_1 numUniqueEmails.cpp">
      <Filter>Practice\Interview</Filter>
    </ClCompile>
    <ClCompile Include="Codes\Practice\Interview\4_2 lengthLongestPath.cpp">
      <Filter>Practice\Interview</Filter>
    </ClCompile>
    <ClCompile Include="Codes\Practice\Interview\5_3 maxProfit.cpp">
      <Filter>Practice\Interview</Filter>
    </ClCompile>
    <ClCompile Include="Codes\Practice\Interview\6_1 matrixReshape.cpp">
      <Filter>Practice\Interview</Filter>
    </ClCompile>
    <ClCompile Include="Codes\Practice\Interview\6_2 numRescueBoats.cpp">
      <Filter>Practice\Interview</Filter>
    </ClCompile>
    <ClCompile Include="Codes\Practice\Interview\6_3 findBottomLeftValue.cpp">
      <Filter>Practice\Interview</Filter>
    </ClCompile>
    <ClCompile Include="Codes\Practice\Interview\7_1 toLowerCase.cpp">
      <Filter>Practice\Interview</Filter>
    </ClCompile>
    <ClCompile Include="Codes\Practice\Interview\7_2 MyCalendarTwo.cpp">
      <Filter>Practice\Interview</Filter>
    </ClCompile>
    <ClCompile Include="Codes\Practice\Interview\8_1 sortedArrayToBST.cpp">
      <Filter>Practice\Interview</Filter>
    </ClCompile>
    <ClCompile Include="Codes\Practice\Interview\8_2 largest1BorderedSquare.cpp">
      <Filter>Practice\Interview</Filter>
    </ClCompile>
    <ClCompile Include="Codes\Practice\Interview\8_3 FreqStack.cpp">
      <Filter>Practice\Interview</Filter>
    </ClCompile>
    <ClCompile Include="Codes\Practice\Interview\9_1 addBinary.cpp">
      <Filter>Practice\Interview</Filter>
    </ClCompile>
    <ClCompile Include="Codes\Practice\Interview\9_2 smallestSubsequence.cpp">
      <Filter>Practice\Interview</Filter>
    </ClCompile>
    <ClCompile Include="Codes\Practice\Interview\9_3 triangleNumber.cpp">
      <Filter>Practice\Interview</Filter>
    </ClCompile>
    <ClCompile Include="Codes\Practice\Interview\10_1 findLUSlength.cpp">
      <Filter>Practice\Interview</Filter>
    </ClCompile>
    <ClCompile Include="Codes\Practice\Interview\10_3 longestDupSubstring.cpp">
      <Filter>Practice\Interview</Filter>
    </ClCompile>
    <ClCompile Include="Codes\Practice\Interview\11_1 reverseBits.cpp">
      <Filter>Practice\Interview</Filter>
    </ClCompile>
    <ClCompile Include="Codes\Practice\Interview\11_2 buildTree.cpp">
      <Filter>Practice\Interview</Filter>
    </ClCompile>
    <ClCompile Include="Codes\Practice\Interview\12_1 lemonadeChange.cpp">
      <Filter>Practice\Interview</Filter>
    </ClCompile>
    <ClCompile Include="Codes\Practice\Interview\12_2 minHeightShelves.cpp">
      <Filter>Practice\Interview</Filter>
    </ClCompile>
    <ClCompile Include="Codes\Practice\Interview\13_1 minDepth.cpp">
      <Filter>Practice\Interview</Filter>
    </ClCompile>
    <ClCompile Include="Codes\Practice\Interview\13_2 RecentCounter.cpp">
      <Filter>Practice\Interview</Filter>
    </ClCompile>
    <ClCompile Include="Codes\Practice\Interview\13_3 PeekingIterator.cpp">
      <Filter>Practice\Interview</Filter>
    </ClCompile>
    <ClCompile Include="Codes\Practice\Interview\14_1 numberOfBoomerangs.cpp">
      <Filter>Practice\Interview</Filter>
    </ClCompile>
    <ClCompile Include="Codes\Practice\Interview\15_1 minIncrementForUnique.cpp">
      <Filter>Practice\Interview</Filter>
    </ClCompile>
    <ClCompile Include="Codes\Practice\Interview\15_3 accountsMerge.cpp">
      <Filter>Practice\Interview</Filter>
    </ClCompile>
    <ClCompile Include="Codes\Practice\Interview\16_1 getHint.cpp">
      <Filter>Practice\Interview</Filter>
    </ClCompile>
    <ClCompile Include="Codes\Practice\LeetCodeCN\5 longest palindromic substring.cpp">
      <Filter>Practice\LeetCodeCN</Filter>
    </ClCompile>
    <ClCompile Include="Codes\Algorithm\String\longestPalindrome.cpp">
      <Filter>Algorithm\String</Filter>
    </ClCompile>
    <ClCompile Include="Codes\Practice\Other\ArraySort01.cpp">
      <Filter>Practice\Other</Filter>
    </ClCompile>
    <ClCompile Include="Codes\Practice\Interview\17_1 nthPersonGetsNthSeat.cpp">
      <Filter>Practice\Interview</Filter>
    </ClCompile>
    <ClCompile Include="Codes\Practice\Interview\17_2 knightDialer.cpp">
      <Filter>Practice\Interview</Filter>
    </ClCompile>
    <ClCompile Include="Codes\Practice\Interview\17_3 threeSumClosest.cpp">
      <Filter>Practice\Interview</Filter>
    </ClCompile>
    <ClCompile Include="Codes\Practice\Interview\18_1 MedianFinder.cpp">
      <Filter>Practice\Interview</Filter>
    </ClCompile>
    <ClCompile Include="Codes\Practice\Interview\18_2 reverseKGroup.cpp">
      <Filter>Practice\Interview</Filter>
    </ClCompile>
    <ClCompile Include="Codes\Practice\Interview\19_1 isBoomerang.cpp">
      <Filter>Practice\Interview</Filter>
    </ClCompile>
    <ClCompile Include="Codes\Practice\Interview\20_1 isPossible.cpp">
      <Filter>Practice\Interview</Filter>
    </ClCompile>
    <ClCompile Include="Codes\Practice\Interview\20_1 hasAlternatingBits.cpp">
      <Filter>Practice\Interview\20</Filter>
    </ClCompile>
    <ClCompile Include="Codes\Practice\Interview\20_2 isToeplitzMatrix.cpp">
      <Filter>Practice\Interview\20</Filter>
    </ClCompile>
    <ClCompile Include="Codes\Practice\Book1\0101 isUnique.cpp">
      <Filter>Practice\Book1</Filter>
    </ClCompile>
    <ClCompile Include="Codes\Practice\LeetCodeCN\0102 CheckPermutation.cpp">
      <Filter>Practice\Book1</Filter>
    </ClCompile>
    <ClCompile Include="Codes\Practice\LeetCodeCN\0103 replaceSpaces.cpp">
      <Filter>Practice\Book1</Filter>
    </ClCompile>
    <ClCompile Include="Codes\Practice\Book1\0104 canPermutePalindrome.cpp">
      <Filter>Practice\Book1</Filter>
    </ClCompile>
    <ClCompile Include="Codes\Practice\Book1\0105 oneEditAway.cpp">
      <Filter>Practice\Book1</Filter>
    </ClCompile>
    <ClCompile Include="Codes\Practice\Interview\21_1 sortColors.cpp">
      <Filter>Practice\Interview\21</Filter>
    </ClCompile>
    <ClCompile Include="Codes\Practice\Interview\21_2 bulbSwitch.cpp">
      <Filter>Practice\Interview\21</Filter>
    </ClCompile>
    <ClCompile Include="Codes\Practice\Interview\21_3 findNumOfValidWords.cpp">
      <Filter>Practice\Interview\21</Filter>
    </ClCompile>
    <ClCompile Include="Codes\Practice\Interview\22_1 findLHS.cpp">
      <Filter>Practice\Interview\22</Filter>
    </ClCompile>
    <ClCompile Include="Codes\Practice\Interview\22_2 intervalIntersection.cpp">
      <Filter>Practice\Interview\22</Filter>
    </ClCompile>
    <ClCompile Include="Codes\Practice\Interview\22_3 longestCommonSubsequence.cpp">
      <Filter>Practice\Interview\22</Filter>
    </ClCompile>
    <ClCompile Include="Codes\Practice\Interview\23_1 findMaximumXOR.cpp">
      <Filter>Practice\Interview\23</Filter>
    </ClCompile>
    <ClCompile Include="24_1 subsets.cpp">
      <Filter>Practice\Interview\24</Filter>
    </ClCompile>
    <ClCompile Include="Codes\Practice\Interview\25_1 maxEvents.cpp">
      <Filter>Practice\Interview\25</Filter>
    </ClCompile>
    <ClCompile Include="Codes\Practice\Interview\25_2 shuffle.cpp">
      <Filter>Practice\Interview\25</Filter>
    </ClCompile>
    <ClCompile Include="Codes\Practice\LeetCodeCN\709  To lower case.cpp">
      <Filter>源文件</Filter>
    </ClCompile>
    <ClCompile Include="Codes\Practice\LeetCodeCN\840 Magic squares in grid.cpp">
      <Filter>源文件</Filter>
    </ClCompile>
    <ClCompile Include="Codes\Practice\LeetCodeCN\654 maximum-binary-tree.cpp">
      <Filter>Practice\LeetCodeCN</Filter>
    </ClCompile>
    <ClCompile Include="Codes\Practice\LeetCodeCN\1108 defangIPaddr.cpp">
      <Filter>Practice\Other</Filter>
    </ClCompile>
    <ClCompile Include="Codes\Practice\LeetCodeCN\538 convert-bst-to-greater-tree.cpp">
      <Filter>Practice\LeetCodeCN\BST</Filter>
    </ClCompile>
    <ClCompile Include="Codes\Practice\LeetCodeCN\105 construct-binary-tree-from-preorder-and-inorder-traversal.cpp">
      <Filter>Practice\LeetCodeCN\BST</Filter>
    </ClCompile>
    <ClCompile Include="Codes\Practice\LeetCodeCN\106 construct-binary-tree-from-inorder-and-postorder-traversal.cpp">
      <Filter>Practice\LeetCodeCN\BST</Filter>
    </ClCompile>
    <ClCompile Include="Codes\Practice\LeetCodeCN\116 populating-next-right-pointers-in-each-node.cpp">
      <Filter>Practice\LeetCodeCN\BST</Filter>
    </ClCompile>
    <ClCompile Include="Codes\Practice\LeetCodeCN\230 kth-smallest-element-in-a-bst.cpp">
      <Filter>Practice\LeetCodeCN\BST</Filter>
    </ClCompile>
    <ClCompile Include="Codes\Practice\LeetCodeCN\450 delete-node-in-a-bst.cpp">
      <Filter>Practice\LeetCodeCN\BST</Filter>
    </ClCompile>
    <ClCompile Include="Codes\Practice\LeetCodeCN\701 insert-into-a-binary-search-tree.cpp">
      <Filter>Practice\LeetCodeCN\BST</Filter>
    </ClCompile>
    <ClCompile Include="Codes\Practice\LeetCodeCN\652 find-duplicate-subtrees.cpp">
      <Filter>Practice\LeetCodeCN\BST</Filter>
    </ClCompile>
    <ClCompile Include="Codes\Practice\LeetCodeCN\700 search-in-a-binary-search-tree.cpp">
      <Filter>Practice\LeetCodeCN\BST</Filter>
    </ClCompile>
    <ClCompile Include="Codes\Practice\LeetCodeCN\98 validate-binary-search-tree.cpp">
      <Filter>Practice\LeetCodeCN\BST</Filter>
    </ClCompile>
    <ClCompile Include="Codes\Practice\LeetCodeCN\297 serialize-and-deserialize-binary-tree.cpp">
      <Filter>Practice\LeetCodeCN\BST</Filter>
    </ClCompile>
    <ClCompile Include="Codes\Practice\LeetCodeCN\341 flatten-nested-list-iterator.cpp">
      <Filter>Practice\LeetCodeCN</Filter>
    </ClCompile>
    <ClCompile Include="Codes\Practice\LeetCodeCN\236 lowest-common-ancestor-of-a-binary-tree.cpp">
      <Filter>Practice\LeetCodeCN\BST</Filter>
    </ClCompile>
    <ClCompile Include="Codes\Practice\LeetCodeCN\697 degree-of-an-array.cpp">
      <Filter>Practice\LeetCodeCN</Filter>
    </ClCompile>
  </ItemGroup>
</Project>